
Microsoft Visual Studio Solution File, Format Version 12.00
Project("{FAE04EC0-301F-11D3-BF4B-00C04F79EFBC}") = "SubscriptionsAndPayment.API", "SubscriptionsAndPayment.API\SubscriptionsAndPayment.API.csproj", "{73B7B45B-FF2C-4171-924A-30B4AB92CA4D}"
EndProject
Global
	GlobalSection(SolutionConfigurationPlatforms) = preSolution
		Debug|Any CPU = Debug|Any CPU
		Release|Any CPU = Release|Any CPU
	EndGlobalSection
	GlobalSection(ProjectConfigurationPlatforms) = postSolution
		{73B7B45B-FF2C-4171-924A-30B4AB92CA4D}.Debug|Any CPU.ActiveCfg = Debug|Any CPU
		{73B7B45B-FF2C-4171-924A-30B4AB92CA4D}.Debug|Any CPU.Build.0 = Debug|Any CPU
		{73B7B45B-FF2C-4171-924A-30B4AB92CA4D}.Release|Any CPU.ActiveCfg = Release|Any CPU
		{73B7B45B-FF2C-4171-924A-30B4AB92CA4D}.Release|Any CPU.Build.0 = Release|Any CPU
	EndGlobalSection
EndGlobal
